// !$*UTF8*$!
{
	archiveVersion = 1;
	classes = {
	};
	objectVersion = 48;
	objects = {

/* Begin PBXBuildFile section */
		82292F9F1F8186C40044F936 /* AppDelegate.swift in Sources */ = {isa = PBXBuildFile; fileRef = 82292F9E1F8186C40044F936 /* AppDelegate.swift */; };
		82292FA41F8186C40044F936 /* Main.storyboard in Resources */ = {isa = PBXBuildFile; fileRef = 82292FA21F8186C40044F936 /* Main.storyboard */; };
		82292FA71F8186C40044F936 /* TableView.xcdatamodeld in Sources */ = {isa = PBXBuildFile; fileRef = 82292FA51F8186C40044F936 /* TableView.xcdatamodeld */; };
		82292FA91F8186C40044F936 /* Assets.xcassets in Resources */ = {isa = PBXBuildFile; fileRef = 82292FA81F8186C40044F936 /* Assets.xcassets */; };
		82292FAC1F8186C40044F936 /* LaunchScreen.storyboard in Resources */ = {isa = PBXBuildFile; fileRef = 82292FAA1F8186C40044F936 /* LaunchScreen.storyboard */; };
		82292FB71F8186C40044F936 /* TableViewTests.swift in Sources */ = {isa = PBXBuildFile; fileRef = 82292FB61F8186C40044F936 /* TableViewTests.swift */; };
		82292FC21F8186C50044F936 /* TableViewUITests.swift in Sources */ = {isa = PBXBuildFile; fileRef = 82292FC11F8186C50044F936 /* TableViewUITests.swift */; };
		82292FD01F8187140044F936 /* FeedViewController.swift in Sources */ = {isa = PBXBuildFile; fileRef = 82292FCF1F8187140044F936 /* FeedViewController.swift */; };
		822F77AC1F81949300D928A4 /* ItemCell.swift in Sources */ = {isa = PBXBuildFile; fileRef = 822F77AB1F81949300D928A4 /* ItemCell.swift */; };
/* End PBXBuildFile section */

/* Begin PBXContainerItemProxy section */
		82292FB31F8186C40044F936 /* PBXContainerItemProxy */ = {
			isa = PBXContainerItemProxy;
			containerPortal = 82292F931F8186C40044F936 /* Project object */;
			proxyType = 1;
			remoteGlobalIDString = 82292F9A1F8186C40044F936;
			remoteInfo = TableView;
		};
		82292FBE1F8186C40044F936 /* PBXContainerItemProxy */ = {
			isa = PBXContainerItemProxy;
			containerPortal = 82292F931F8186C40044F936 /* Project object */;
			proxyType = 1;
			remoteGlobalIDString = 82292F9A1F8186C40044F936;
			remoteInfo = TableView;
		};
/* End PBXContainerItemProxy section */

/* Begin PBXFileReference section */
		82292F9B1F8186C40044F936 /* TableView.app */ = {isa = PBXFileReference; explicitFileType = wrapper.application; includeInIndex = 0; path = TableView.app; sourceTree = BUILT_PRODUCTS_DIR; };
		82292F9E1F8186C40044F936 /* AppDelegate.swift */ = {isa = PBXFileReference; lastKnownFileType = sourcecode.swift; path = AppDelegate.swift; sourceTree = "<group>"; };
		82292FA31F8186C40044F936 /* Base */ = {isa = PBXFileReference; lastKnownFileType = file.storyboard; name = Base; path = Base.lproj/Main.storyboard; sourceTree = "<group>"; };
		82292FA61F8186C40044F936 /* TableView.xcdatamodel */ = {isa = PBXFileReference; lastKnownFileType = wrapper.xcdatamodel; path = TableView.xcdatamodel; sourceTree = "<group>"; };
		82292FA81F8186C40044F936 /* Assets.xcassets */ = {isa = PBXFileReference; lastKnownFileType = folder.assetcatalog; path = Assets.xcassets; sourceTree = "<group>"; };
		82292FAB1F8186C40044F936 /* Base */ = {isa = PBXFileReference; lastKnownFileType = file.storyboard; name = Base; path = Base.lproj/LaunchScreen.storyboard; sourceTree = "<group>"; };
		82292FAD1F8186C40044F936 /* Info.plist */ = {isa = PBXFileReference; lastKnownFileType = text.plist.xml; path = Info.plist; sourceTree = "<group>"; };
		82292FB21F8186C40044F936 /* TableViewTests.xctest */ = {isa = PBXFileReference; explicitFileType = wrapper.cfbundle; includeInIndex = 0; path = TableViewTests.xctest; sourceTree = BUILT_PRODUCTS_DIR; };
		82292FB61F8186C40044F936 /* TableViewTests.swift */ = {isa = PBXFileReference; lastKnownFileType = sourcecode.swift; path = TableViewTests.swift; sourceTree = "<group>"; };
		82292FB81F8186C40044F936 /* Info.plist */ = {isa = PBXFileReference; lastKnownFileType = text.plist.xml; path = Info.plist; sourceTree = "<group>"; };
		82292FBD1F8186C40044F936 /* TableViewUITests.xctest */ = {isa = PBXFileReference; explicitFileType = wrapper.cfbundle; includeInIndex = 0; path = TableViewUITests.xctest; sourceTree = BUILT_PRODUCTS_DIR; };
		82292FC11F8186C50044F936 /* TableViewUITests.swift */ = {isa = PBXFileReference; lastKnownFileType = sourcecode.swift; path = TableViewUITests.swift; sourceTree = "<group>"; };
		82292FC31F8186C50044F936 /* Info.plist */ = {isa = PBXFileReference; lastKnownFileType = text.plist.xml; path = Info.plist; sourceTree = "<group>"; };
		82292FCF1F8187140044F936 /* FeedViewController.swift */ = {isa = PBXFileReference; lastKnownFileType = sourcecode.swift; path = FeedViewController.swift; sourceTree = "<group>"; };
		822F77AB1F81949300D928A4 /* ItemCell.swift */ = {isa = PBXFileReference; lastKnownFileType = sourcecode.swift; path = ItemCell.swift; sourceTree = "<group>"; };
/* End PBXFileReference section */

/* Begin PBXFrameworksBuildPhase section */
		82292F981F8186C40044F936 /* Frameworks */ = {
			isa = PBXFrameworksBuildPhase;
			buildActionMask = 2147483647;
			files = (
			);
			runOnlyForDeploymentPostprocessing = 0;
		};
		82292FAF1F8186C40044F936 /* Frameworks */ = {
			isa = PBXFrameworksBuildPhase;
			buildActionMask = 2147483647;
			files = (
			);
			runOnlyForDeploymentPostprocessing = 0;
		};
		82292FBA1F8186C40044F936 /* Frameworks */ = {
			isa = PBXFrameworksBuildPhase;
			buildActionMask = 2147483647;
			files = (
			);
			runOnlyForDeploymentPostprocessing = 0;
		};
/* End PBXFrameworksBuildPhase section */

/* Begin PBXGroup section */
		82292F921F8186C40044F936 = {
			isa = PBXGroup;
			children = (
				82292F9D1F8186C40044F936 /* TableView */,
				82292FB51F8186C40044F936 /* TableViewTests */,
				82292FC01F8186C40044F936 /* TableViewUITests */,
				82292F9C1F8186C40044F936 /* Products */,
			);
			sourceTree = "<group>";
		};
		82292F9C1F8186C40044F936 /* Products */ = {
			isa = PBXGroup;
			children = (
				82292F9B1F8186C40044F936 /* TableView.app */,
				82292FB21F8186C40044F936 /* TableViewTests.xctest */,
				82292FBD1F8186C40044F936 /* TableViewUITests.xctest */,
			);
			name = Products;
			sourceTree = "<group>";
		};
		82292F9D1F8186C40044F936 /* TableView */ = {
			isa = PBXGroup;
			children = (
				82292F9E1F8186C40044F936 /* AppDelegate.swift */,
				82292FCF1F8187140044F936 /* FeedViewController.swift */,
				822F77AB1F81949300D928A4 /* ItemCell.swift */,
				82292FA21F8186C40044F936 /* Main.storyboard */,
				82292FA81F8186C40044F936 /* Assets.xcassets */,
				82292FAA1F8186C40044F936 /* LaunchScreen.storyboard */,
				82292FAD1F8186C40044F936 /* Info.plist */,
				82292FA51F8186C40044F936 /* TableView.xcdatamodeld */,
			);
			path = TableView;
			sourceTree = "<group>";
		};
		82292FB51F8186C40044F936 /* TableViewTests */ = {
			isa = PBXGroup;
			children = (
				82292FB61F8186C40044F936 /* TableViewTests.swift */,
				82292FB81F8186C40044F936 /* Info.plist */,
			);
			path = TableViewTests;
			sourceTree = "<group>";
		};
		82292FC01F8186C40044F936 /* TableViewUITests */ = {
			isa = PBXGroup;
			children = (
				82292FC11F8186C50044F936 /* TableViewUITests.swift */,
				82292FC31F8186C50044F936 /* Info.plist */,
			);
			path = TableViewUITests;
			sourceTree = "<group>";
		};
/* End PBXGroup section */

/* Begin PBXNativeTarget section */
		82292F9A1F8186C40044F936 /* TableView */ = {
			isa = PBXNativeTarget;
			buildConfigurationList = 82292FC61F8186C50044F936 /* Build configuration list for PBXNativeTarget "TableView" */;
			buildPhases = (
				82292F971F8186C40044F936 /* Sources */,
				82292F981F8186C40044F936 /* Frameworks */,
				82292F991F8186C40044F936 /* Resources */,
			);
			buildRules = (
			);
			dependencies = (
			);
			name = TableView;
			productName = TableView;
			productReference = 82292F9B1F8186C40044F936 /* TableView.app */;
			productType = "com.apple.product-type.application";
		};
		82292FB11F8186C40044F936 /* TableViewTests */ = {
			isa = PBXNativeTarget;
			buildConfigurationList = 82292FC91F8186C50044F936 /* Build configuration list for PBXNativeTarget "TableViewTests" */;
			buildPhases = (
				82292FAE1F8186C40044F936 /* Sources */,
				82292FAF1F8186C40044F936 /* Frameworks */,
				82292FB01F8186C40044F936 /* Resources */,
			);
			buildRules = (
			);
			dependencies = (
				82292FB41F8186C40044F936 /* PBXTargetDependency */,
			);
			name = TableViewTests;
			productName = TableViewTests;
			productReference = 82292FB21F8186C40044F936 /* TableViewTests.xctest */;
			productType = "com.apple.product-type.bundle.unit-test";
		};
		82292FBC1F8186C40044F936 /* TableViewUITests */ = {
			isa = PBXNativeTarget;
			buildConfigurationList = 82292FCC1F8186C50044F936 /* Build configuration list for PBXNativeTarget "TableViewUITests" */;
			buildPhases = (
				82292FB91F8186C40044F936 /* Sources */,
				82292FBA1F8186C40044F936 /* Frameworks */,
				82292FBB1F8186C40044F936 /* Resources */,
			);
			buildRules = (
			);
			dependencies = (
				82292FBF1F8186C40044F936 /* PBXTargetDependency */,
			);
			name = TableViewUITests;
			productName = TableViewUITests;
			productReference = 82292FBD1F8186C40044F936 /* TableViewUITests.xctest */;
			productType = "com.apple.product-type.bundle.ui-testing";
		};
/* End PBXNativeTarget section */

/* Begin PBXProject section */
		82292F931F8186C40044F936 /* Project object */ = {
			isa = PBXProject;
			attributes = {
				LastSwiftUpdateCheck = 0900;
				LastUpgradeCheck = 0900;
				TargetAttributes = {
					82292F9A1F8186C40044F936 = {
						CreatedOnToolsVersion = 9.0;
						ProvisioningStyle = Automatic;
					};
					82292FB11F8186C40044F936 = {
						CreatedOnToolsVersion = 9.0;
						ProvisioningStyle = Automatic;
						TestTargetID = 82292F9A1F8186C40044F936;
					};
					82292FBC1F8186C40044F936 = {
						CreatedOnToolsVersion = 9.0;
						ProvisioningStyle = Automatic;
						TestTargetID = 82292F9A1F8186C40044F936;
					};
				};
			};
			buildConfigurationList = 82292F961F8186C40044F936 /* Build configuration list for PBXProject "TableView" */;
			compatibilityVersion = "Xcode 8.0";
			developmentRegion = en;
			hasScannedForEncodings = 0;
			knownRegions = (
				en,
				Base,
			);
			mainGroup = 82292F921F8186C40044F936;
			productRefGroup = 82292F9C1F8186C40044F936 /* Products */;
			projectDirPath = "";
			projectRoot = "";
			targets = (
				82292F9A1F8186C40044F936 /* TableView */,
				82292FB11F8186C40044F936 /* TableViewTests */,
				82292FBC1F8186C40044F936 /* TableViewUITests */,
			);
		};
/* End PBXProject section */

/* Begin PBXResourcesBuildPhase section */
		82292F991F8186C40044F936 /* Resources */ = {
			isa = PBXResourcesBuildPhase;
			buildActionMask = 2147483647;
			files = (
				82292FAC1F8186C40044F936 /* LaunchScreen.storyboard in Resources */,
				82292FA91F8186C40044F936 /* Assets.xcassets in Resources */,
				82292FA41F8186C40044F936 /* Main.storyboard in Resources */,
			);
			runOnlyForDeploymentPostprocessing = 0;
		};
		82292FB01F8186C40044F936 /* Resources */ = {
			isa = PBXResourcesBuildPhase;
			buildActionMask = 2147483647;
			files = (
			);
			runOnlyForDeploymentPostprocessing = 0;
		};
		82292FBB1F8186C40044F936 /* Resources */ = {
			isa = PBXResourcesBuildPhase;
			buildActionMask = 2147483647;
			files = (
			);
			runOnlyForDeploymentPostprocessing = 0;
		};
/* End PBXResourcesBuildPhase section */

/* Begin PBXSourcesBuildPhase section */
		82292F971F8186C40044F936 /* Sources */ = {
			isa = PBXSourcesBuildPhase;
			buildActionMask = 2147483647;
			files = (
				822F77AC1F81949300D928A4 /* ItemCell.swift in Sources */,
				82292FA71F8186C40044F936 /* TableView.xcdatamodeld in Sources */,
				82292FD01F8187140044F936 /* FeedViewController.swift in Sources */,
				82292F9F1F8186C40044F936 /* AppDelegate.swift in Sources */,
			);
			runOnlyForDeploymentPostprocessing = 0;
		};
		82292FAE1F8186C40044F936 /* Sources */ = {
			isa = PBXSourcesBuildPhase;
			buildActionMask = 2147483647;
			files = (
				82292FB71F8186C40044F936 /* TableViewTests.swift in Sources */,
			);
			runOnlyForDeploymentPostprocessing = 0;
		};
		82292FB91F8186C40044F936 /* Sources */ = {
			isa = PBXSourcesBuildPhase;
			buildActionMask = 2147483647;
			files = (
				82292FC21F8186C50044F936 /* TableViewUITests.swift in Sources */,
			);
			runOnlyForDeploymentPostprocessing = 0;
		};
/* End PBXSourcesBuildPhase section */

/* Begin PBXTargetDependency section */
		82292FB41F8186C40044F936 /* PBXTargetDependency */ = {
			isa = PBXTargetDependency;
			target = 82292F9A1F8186C40044F936 /* TableView */;
			targetProxy = 82292FB31F8186C40044F936 /* PBXContainerItemProxy */;
		};
		82292FBF1F8186C40044F936 /* PBXTargetDependency */ = {
			isa = PBXTargetDependency;
			target = 82292F9A1F8186C40044F936 /* TableView */;
			targetProxy = 82292FBE1F8186C40044F936 /* PBXContainerItemProxy */;
		};
/* End PBXTargetDependency section */

/* Begin PBXVariantGroup section */
		82292FA21F8186C40044F936 /* Main.storyboard */ = {
			isa = PBXVariantGroup;
			children = (
				82292FA31F8186C40044F936 /* Base */,
			);
			name = Main.storyboard;
			sourceTree = "<group>";
		};
		82292FAA1F8186C40044F936 /* LaunchScreen.storyboard */ = {
			isa = PBXVariantGroup;
			children = (
				82292FAB1F8186C40044F936 /* Base */,
			);
			name = LaunchScreen.storyboard;
			sourceTree = "<group>";
		};
/* End PBXVariantGroup section */

/* Begin XCBuildConfiguration section */
		82292FC41F8186C50044F936 /* Debug */ = {
			isa = XCBuildConfiguration;
			buildSettings = {
				ALWAYS_SEARCH_USER_PATHS = NO;
				CLANG_ANALYZER_NONNULL = YES;
				CLANG_ANALYZER_NUMBER_OBJECT_CONVERSION = YES_AGGRESSIVE;
				CLANG_CXX_LANGUAGE_STANDARD = "gnu++14";
				CLANG_CXX_LIBRARY = "libc++";
				CLANG_ENABLE_MODULES = YES;
				CLANG_ENABLE_OBJC_ARC = YES;
				CLANG_WARN_BLOCK_CAPTURE_AUTORELEASING = YES;
				CLANG_WARN_BOOL_CONVERSION = YES;
				CLANG_WARN_COMMA = YES;
				CLANG_WARN_CONSTANT_CONVERSION = YES;
				CLANG_WARN_DIRECT_OBJC_ISA_USAGE = YES_ERROR;
				CLANG_WARN_DOCUMENTATION_COMMENTS = YES;
				CLANG_WARN_EMPTY_BODY = YES;
				CLANG_WARN_ENUM_CONVERSION = YES;
				CLANG_WARN_INFINITE_RECURSION = YES;
				CLANG_WARN_INT_CONVERSION = YES;
				CLANG_WARN_NON_LITERAL_NULL_CONVERSION = YES;
				CLANG_WARN_OBJC_LITERAL_CONVERSION = YES;
				CLANG_WARN_OBJC_ROOT_CLASS = YES_ERROR;
				CLANG_WARN_RANGE_LOOP_ANALYSIS = YES;
				CLANG_WARN_STRICT_PROTOTYPES = YES;
				CLANG_WARN_SUSPICIOUS_MOVE = YES;
				CLANG_WARN_UNGUARDED_AVAILABILITY = YES_AGGRESSIVE;
				CLANG_WARN_UNREACHABLE_CODE = YES;
				CLANG_WARN__DUPLICATE_METHOD_MATCH = YES;
				CODE_SIGN_IDENTITY = "iPhone Developer";
				COPY_PHASE_STRIP = NO;
				DEBUG_INFORMATION_FORMAT = dwarf;
				ENABLE_STRICT_OBJC_MSGSEND = YES;
				ENABLE_TESTABILITY = YES;
				GCC_C_LANGUAGE_STANDARD = gnu11;
				GCC_DYNAMIC_NO_PIC = NO;
				GCC_NO_COMMON_BLOCKS = YES;
				GCC_OPTIMIZATION_LEVEL = 0;
				GCC_PREPROCESSOR_DEFINITIONS = (
					"DEBUG=1",
					"$(inherited)",
				);
				GCC_WARN_64_TO_32_BIT_CONVERSION = YES;
				GCC_WARN_ABOUT_RETURN_TYPE = YES_ERROR;
				GCC_WARN_UNDECLARED_SELECTOR = YES;
				GCC_WARN_UNINITIALIZED_AUTOS = YES_AGGRESSIVE;
				GCC_WARN_UNUSED_FUNCTION = YES;
				GCC_WARN_UNUSED_VARIABLE = YES;
				IPHONEOS_DEPLOYMENT_TARGET = 11.0;
				MTL_ENABLE_DEBUG_INFO = YES;
				ONLY_ACTIVE_ARCH = YES;
				SDKROOT = iphoneos;
				SWIFT_ACTIVE_COMPILATION_CONDITIONS = DEBUG;
				SWIFT_OPTIMIZATION_LEVEL = "-Onone";
			};
			name = Debug;
		};
		82292FC51F8186C50044F936 /* Release */ = {
			isa = XCBuildConfiguration;
			buildSettings = {
				ALWAYS_SEARCH_USER_PATHS = NO;
				CLANG_ANALYZER_NONNULL = YES;
				CLANG_ANALYZER_NUMBER_OBJECT_CONVERSION = YES_AGGRESSIVE;
				CLANG_CXX_LANGUAGE_STANDARD = "gnu++14";
				CLANG_CXX_LIBRARY = "libc++";
				CLANG_ENABLE_MODULES = YES;
				CLANG_ENABLE_OBJC_ARC = YES;
				CLANG_WARN_BLOCK_CAPTURE_AUTORELEASING = YES;
				CLANG_WARN_BOOL_CONVERSION = YES;
				CLANG_WARN_COMMA = YES;
				CLANG_WARN_CONSTANT_CONVERSION = YES;
				CLANG_WARN_DIRECT_OBJC_ISA_USAGE = YES_ERROR;
				CLANG_WARN_DOCUMENTATION_COMMENTS = YES;
				CLANG_WARN_EMPTY_BODY = YES;
				CLANG_WARN_ENUM_CONVERSION = YES;
				CLANG_WARN_INFINITE_RECURSION = YES;
				CLANG_WARN_INT_CONVERSION = YES;
				CLANG_WARN_NON_LITERAL_NULL_CONVERSION = YES;
				CLANG_WARN_OBJC_LITERAL_CONVERSION = YES;
				CLANG_WARN_OBJC_ROOT_CLASS = YES_ERROR;
				CLANG_WARN_RANGE_LOOP_ANALYSIS = YES;
				CLANG_WARN_STRICT_PROTOTYPES = YES;
				CLANG_WARN_SUSPICIOUS_MOVE = YES;
				CLANG_WARN_UNGUARDED_AVAILABILITY = YES_AGGRESSIVE;
				CLANG_WARN_UNREACHABLE_CODE = YES;
				CLANG_WARN__DUPLICATE_METHOD_MATCH = YES;
				CODE_SIGN_IDENTITY = "iPhone Developer";
				COPY_PHASE_STRIP = NO;
				DEBUG_INFORMATION_FORMAT = "dwarf-with-dsym";
				ENABLE_NS_ASSERTIONS = NO;
				ENABLE_STRICT_OBJC_MSGSEND = YES;
				GCC_C_LANGUAGE_STANDARD = gnu11;
				GCC_NO_COMMON_BLOCKS = YES;
				GCC_WARN_64_TO_32_BIT_CONVERSION = YES;
				GCC_WARN_ABOUT_RETURN_TYPE = YES_ERROR;
				GCC_WARN_UNDECLARED_SELECTOR = YES;
				GCC_WARN_UNINITIALIZED_AUTOS = YES_AGGRESSIVE;
				GCC_WARN_UNUSED_FUNCTION = YES;
				GCC_WARN_UNUSED_VARIABLE = YES;
				IPHONEOS_DEPLOYMENT_TARGET = 11.0;
				MTL_ENABLE_DEBUG_INFO = NO;
				SDKROOT = iphoneos;
				SWIFT_OPTIMIZATION_LEVEL = "-Owholemodule";
				VALIDATE_PRODUCT = YES;
			};
			name = Release;
		};
		82292FC71F8186C50044F936 /* Debug */ = {
			isa = XCBuildConfiguration;
			buildSettings = {
				ASSETCATALOG_COMPILER_APPICON_NAME = AppIcon;
				CODE_SIGN_STYLE = Automatic;
				DEVELOPMENT_TEAM = 973RBN29J8;
				INFOPLIST_FILE = TableView/Info.plist;
				LD_RUNPATH_SEARCH_PATHS = "$(inherited) @executable_path/Frameworks";
				PRODUCT_BUNDLE_IDENTIFIER = com.d2burke.TableView;
				PRODUCT_NAME = "$(TARGET_NAME)";
				SWIFT_VERSION = 4.0;
				TARGETED_DEVICE_FAMILY = "1,2";
			};
			name = Debug;
		};
		82292FC81F8186C50044F936 /* Release */ = {
			isa = XCBuildConfiguration;
			buildSettings = {
				ASSETCATALOG_COMPILER_APPICON_NAME = AppIcon;
				CODE_SIGN_STYLE = Automatic;
				DEVELOPMENT_TEAM = 973RBN29J8;
				INFOPLIST_FILE = TableView/Info.plist;
				LD_RUNPATH_SEARCH_PATHS = "$(inherited) @executable_path/Frameworks";
				PRODUCT_BUNDLE_IDENTIFIER = com.d2burke.TableView;
				PRODUCT_NAME = "$(TARGET_NAME)";
				SWIFT_VERSION = 4.0;
				TARGETED_DEVICE_FAMILY = "1,2";
			};
			name = Release;
		};
		82292FCA1F8186C50044F936 /* Debug */ = {
			isa = XCBuildConfiguration;
			buildSettings = {
				ALWAYS_EMBED_SWIFT_STANDARD_LIBRARIES = YES;
				BUNDLE_LOADER = "$(TEST_HOST)";
				CODE_SIGN_STYLE = Automatic;
				DEVELOPMENT_TEAM = 973RBN29J8;
				INFOPLIST_FILE = TableViewTests/Info.plist;
				LD_RUNPATH_SEARCH_PATHS = "$(inherited) @executable_path/Frameworks @loader_path/Frameworks";
				PRODUCT_BUNDLE_IDENTIFIER = com.d2burke.TableViewTests;
				PRODUCT_NAME = "$(TARGET_NAME)";
				SWIFT_VERSION = 4.0;
				TARGETED_DEVICE_FAMILY = "1,2";
				TEST_HOST = "$(BUILT_PRODUCTS_DIR)/TableView.app/TableView";
			};
			name = Debug;
		};
		82292FCB1F8186C50044F936 /* Release */ = {
			isa = XCBuildConfiguration;
			buildSettings = {
				ALWAYS_EMBED_SWIFT_STANDARD_LIBRARIES = YES;
				BUNDLE_LOADER = "$(TEST_HOST)";
				CODE_SIGN_STYLE = Automatic;
				DEVELOPMENT_TEAM = 973RBN29J8;
				INFOPLIST_FILE = TableViewTests/Info.plist;
				LD_RUNPATH_SEARCH_PATHS = "$(inherited) @executable_path/Frameworks @loader_path/Frameworks";
				PRODUCT_BUNDLE_IDENTIFIER = com.d2burke.TableViewTests;
				PRODUCT_NAME = "$(TARGET_NAME)";
				SWIFT_VERSION = 4.0;
				TARGETED_DEVICE_FAMILY = "1,2";
				TEST_HOST = "$(BUILT_PRODUCTS_DIR)/TableView.app/TableView";
			};
			name = Release;
		};
		82292FCD1F8186C50044F936 /* Debug */ = {
			isa = XCBuildConfiguration;
			buildSettings = {
				ALWAYS_EMBED_SWIFT_STANDARD_LIBRARIES = YES;
				CODE_SIGN_STYLE = Automatic;
				DEVELOPMENT_TEAM = 973RBN29J8;
				INFOPLIST_FILE = TableViewUITests/Info.plist;
				LD_RUNPATH_SEARCH_PATHS = "$(inherited) @executable_path/Frameworks @loader_path/Frameworks";
				PRODUCT_BUNDLE_IDENTIFIER = com.d2burke.TableViewUITests;
				PRODUCT_NAME = "$(TARGET_NAME)";
				SWIFT_VERSION = 4.0;
				TARGETED_DEVICE_FAMILY = "1,2";
				TEST_TARGET_NAME = TableView;
			};
			name = Debug;
		};
		82292FCE1F8186C50044F936 /* Release */ = {
			isa = XCBuildConfiguration;
			buildSettings = {
				ALWAYS_EMBED_SWIFT_STANDARD_LIBRARIES = YES;
				CODE_SIGN_STYLE = Automatic;
				DEVELOPMENT_TEAM = 973RBN29J8;
				INFOPLIST_FILE = TableViewUITests/Info.plist;
				LD_RUNPATH_SEARCH_PATHS = "$(inherited) @executable_path/Frameworks @loader_path/Frameworks";
				PRODUCT_BUNDLE_IDENTIFIER = com.d2burke.TableViewUITests;
				PRODUCT_NAME = "$(TARGET_NAME)";
				SWIFT_VERSION = 4.0;
				TARGETED_DEVICE_FAMILY = "1,2";
				TEST_TARGET_NAME = TableView;
			};
			name = Release;
		};
/* End XCBuildConfiguration section */

/* Begin XCConfigurationList section */
		82292F961F8186C40044F936 /* Build configuration list for PBXProject "TableView" */ = {
			isa = XCConfigurationList;
			buildConfigurations = (
				82292FC41F8186C50044F936 /* Debug */,
				82292FC51F8186C50044F936 /* Release */,
			);
			defaultConfigurationIsVisible = 0;
			defaultConfigurationName = Release;
		};
		82292FC61F8186C50044F936 /* Build configuration list for PBXNativeTarget "TableView" */ = {
			isa = XCConfigurationList;
			buildConfigurations = (
				82292FC71F8186C50044F936 /* Debug */,
				82292FC81F8186C50044F936 /* Release */,
			);
			defaultConfigurationIsVisible = 0;
			defaultConfigurationName = Release;
		};
		82292FC91F8186C50044F936 /* Build configuration list for PBXNativeTarget "TableViewTests" */ = {
			isa = XCConfigurationList;
			buildConfigurations = (
				82292FCA1F8186C50044F936 /* Debug */,
				82292FCB1F8186C50044F936 /* Release */,
			);
			defaultConfigurationIsVisible = 0;
			defaultConfigurationName = Release;
		};
		82292FCC1F8186C50044F936 /* Build configuration list for PBXNativeTarget "TableViewUITests" */ = {
			isa = XCConfigurationList;
			buildConfigurations = (
				82292FCD1F8186C50044F936 /* Debug */,
				82292FCE1F8186C50044F936 /* Release */,
			);
			defaultConfigurationIsVisible = 0;
			defaultConfigurationName = Release;
		};
/* End XCConfigurationList section */

/* Begin XCVersionGroup section */
		82292FA51F8186C40044F936 /* TableView.xcdatamodeld */ = {
			isa = XCVersionGroup;
			children = (
				82292FA61F8186C40044F936 /* TableView.xcdatamodel */,
			);
			currentVersion = 82292FA61F8186C40044F936 /* TableView.xcdatamodel */;
			path = TableView.xcdatamodeld;
			sourceTree = "<group>";
			versionGroupType = wrapper.xcdatamodel;
		};
/* End XCVersionGroup section */
	};
	rootObject = 82292F931F8186C40044F936 /* Project object */;
}
